
Microsoft Visual Studio Solution File, Format Version 12.00
# Visual Studio Version 16
VisualStudioVersion = 16.0.29418.71
MinimumVisualStudioVersion = 10.0.40219.1
Project("{FAE04EC0-301F-11D3-BF4B-00C04F79EFBC}") = "VisualKeyboard", "VisualKeyboard\VisualKeyboard.csproj", "{659382D0-889F-41D3-A26B-42DEC822F08E}"
EndProject
Global
	GlobalSection(SolutionConfigurationPlatforms) = preSolution
		Debug|Any CPU = Debug|Any CPU
		Release|Any CPU = Release|Any CPU
	EndGlobalSection
	GlobalSection(ProjectConfigurationPlatforms) = postSolution
		{659382D0-889F-41D3-A26B-42DEC822F08E}.Debug|Any CPU.ActiveCfg = Debug|Any CPU
		{659382D0-889F-41D3-A26B-42DEC822F08E}.Debug|Any CPU.Build.0 = Debug|Any CPU
		{659382D0-889F-41D3-A26B-42DEC822F08E}.Release|Any CPU.ActiveCfg = Release|Any CPU
		{659382D0-889F-41D3-A26B-42DEC822F08E}.Release|Any CPU.Build.0 = Release|Any CPU
	EndGlobalSection
	GlobalSection(SolutionProperties) = preSolution
		HideSolutionNode = FALSE
	EndGlobalSection
	GlobalSection(ExtensibilityGlobals) = postSolution
		SolutionGuid = {093E75C6-7FCC-4FBF-84F4-0CE088FB7EFA}
	EndGlobalSection
EndGlobal
